
Microsoft Visual Studio Solution File, Format Version 12.00
# Visual Studio 15
VisualStudioVersion = 15.0.28307.852
MinimumVisualStudioVersion = 10.0.40219.1
Project("{FAE04EC0-301F-11D3-BF4B-00C04F79EFBC}") = "WpfTestMailSender", "WpfTestMailSender\WpfTestMailSender.csproj", "{1F60A255-11FC-42E6-A2D0-ED3E6EA21BDD}"
EndProject
Project("{FAE04EC0-301F-11D3-BF4B-00C04F79EFBC}") = "MailSender", "MailSender\MailSender.csproj", "{076D85ED-7BD6-4C6C-858C-EB0446B8CC6E}"
EndProject
Global
	GlobalSection(SolutionConfigurationPlatforms) = preSolution
		Debug|Any CPU = Debug|Any CPU
		Release|Any CPU = Release|Any CPU
	EndGlobalSection
	GlobalSection(ProjectConfigurationPlatforms) = postSolution
		{1F60A255-11FC-42E6-A2D0-ED3E6EA21BDD}.Debug|Any CPU.ActiveCfg = Debug|Any CPU
		{1F60A255-11FC-42E6-A2D0-ED3E6EA21BDD}.Debug|Any CPU.Build.0 = Debug|Any CPU
		{1F60A255-11FC-42E6-A2D0-ED3E6EA21BDD}.Release|Any CPU.ActiveCfg = Release|Any CPU
		{1F60A255-11FC-42E6-A2D0-ED3E6EA21BDD}.Release|Any CPU.Build.0 = Release|Any CPU
		{076D85ED-7BD6-4C6C-858C-EB0446B8CC6E}.Debug|Any CPU.ActiveCfg = Debug|Any CPU
		{076D85ED-7BD6-4C6C-858C-EB0446B8CC6E}.Debug|Any CPU.Build.0 = Debug|Any CPU
		{076D85ED-7BD6-4C6C-858C-EB0446B8CC6E}.Release|Any CPU.ActiveCfg = Release|Any CPU
		{076D85ED-7BD6-4C6C-858C-EB0446B8CC6E}.Release|Any CPU.Build.0 = Release|Any CPU
	EndGlobalSection
	GlobalSection(SolutionProperties) = preSolution
		HideSolutionNode = FALSE
	EndGlobalSection
	GlobalSection(ExtensibilityGlobals) = postSolution
		SolutionGuid = {075089A1-81E3-4D2F-9C1C-B52FC1B8EC0C}
	EndGlobalSection
EndGlobal
